{
  "pins" : [
    {
      "identity" : "networklogger",
      "kind" : "remoteSourceControl",
      "location" : "https://github.com/paulrobertwillis/NetworkLogger",
      "state" : {
        "revision" : "bf0e9f468450275243c8ede46d4430033b545299",
        "version" : "1.0.3"
      }
    }
  ],
  "version" : 2
}
